
Microsoft Visual Studio Solution File, Format Version 11.00
# Visual Studio 2010
Project("{F184B08F-C81C-45F6-A57F-5ABD9991F28F}") = "server", "server\server.vbproj", "{8FFA921A-026E-499B-B275-986FD483132F}"
EndProject
Project("{F184B08F-C81C-45F6-A57F-5ABD9991F28F}") = "client", "client\client.vbproj", "{78ECCD95-67C6-42A6-B883-4E093F9B7A2F}"
EndProject
Global
	GlobalSection(SolutionConfigurationPlatforms) = preSolution
		Debug|x86 = Debug|x86
		Release|x86 = Release|x86
	EndGlobalSection
	GlobalSection(ProjectConfigurationPlatforms) = postSolution
		{8FFA921A-026E-499B-B275-986FD483132F}.Debug|x86.ActiveCfg = Debug|x86
		{8FFA921A-026E-499B-B275-986FD483132F}.Debug|x86.Build.0 = Debug|x86
		{8FFA921A-026E-499B-B275-986FD483132F}.Release|x86.ActiveCfg = Release|x86
		{8FFA921A-026E-499B-B275-986FD483132F}.Release|x86.Build.0 = Release|x86
		{78ECCD95-67C6-42A6-B883-4E093F9B7A2F}.Debug|x86.ActiveCfg = Debug|x86
		{78ECCD95-67C6-42A6-B883-4E093F9B7A2F}.Debug|x86.Build.0 = Debug|x86
		{78ECCD95-67C6-42A6-B883-4E093F9B7A2F}.Release|x86.ActiveCfg = Release|x86
		{78ECCD95-67C6-42A6-B883-4E093F9B7A2F}.Release|x86.Build.0 = Release|x86
	EndGlobalSection
	GlobalSection(SolutionProperties) = preSolution
		HideSolutionNode = FALSE
	EndGlobalSection
EndGlobal
