
Microsoft Visual Studio Solution File, Format Version 12.00
# Visual Studio 15
VisualStudioVersion = 15.0.27130.2024
MinimumVisualStudioVersion = 10.0.40219.1
Project("{8BC9CEB8-8B4A-11D0-8D11-00A0C91BC942}") = "VCCOOP", "vccoop_main\VCCOOP.vcxproj", "{3885DEAC-2427-0983-0DE2-1CD7F92290D3}"
	ProjectSection(ProjectDependencies) = postProject
		{2D996109-98EA-4BF3-990E-B7E7A1E27DBD} = {2D996109-98EA-4BF3-990E-B7E7A1E27DBD}
	EndProjectSection
EndProject
Project("{8BC9CEB8-8B4A-11D0-8D11-00A0C91BC942}") = "server", "server\server.vcxproj", "{332FD9D2-7B9A-48FB-846C-ADE7D07319D1}"
	ProjectSection(ProjectDependencies) = postProject
		{2D996109-98EA-4BF3-990E-B7E7A1E27DBD} = {2D996109-98EA-4BF3-990E-B7E7A1E27DBD}
	EndProjectSection
EndProject
Project("{8BC9CEB8-8B4A-11D0-8D11-00A0C91BC942}") = "lua", "vccoop_main\vendor\lua\lua\lua.vcxproj", "{2D996109-98EA-4BF3-990E-B7E7A1E27DBD}"
EndProject
Global
	GlobalSection(SolutionConfigurationPlatforms) = preSolution
		Debug|Any CPU = Debug|Any CPU
		Debug|x64 = Debug|x64
		Debug|x86 = Debug|x86
		Release|Any CPU = Release|Any CPU
		Release|x64 = Release|x64
		Release|x86 = Release|x86
	EndGlobalSection
	GlobalSection(ProjectConfigurationPlatforms) = postSolution
		{3885DEAC-2427-0983-0DE2-1CD7F92290D3}.Debug|Any CPU.ActiveCfg = zDebug GTAVC|Win32
		{3885DEAC-2427-0983-0DE2-1CD7F92290D3}.Debug|Any CPU.Build.0 = zDebug GTAVC|Win32
		{3885DEAC-2427-0983-0DE2-1CD7F92290D3}.Debug|Any CPU.Deploy.0 = zDebug GTAVC|Win32
		{3885DEAC-2427-0983-0DE2-1CD7F92290D3}.Debug|x64.ActiveCfg = zDebug GTA3|Win32
		{3885DEAC-2427-0983-0DE2-1CD7F92290D3}.Debug|x64.Build.0 = zDebug GTA3|Win32
		{3885DEAC-2427-0983-0DE2-1CD7F92290D3}.Debug|x64.Deploy.0 = zDebug GTA3|Win32
		{3885DEAC-2427-0983-0DE2-1CD7F92290D3}.Debug|x86.ActiveCfg = zDebug GTA3|Win32
		{3885DEAC-2427-0983-0DE2-1CD7F92290D3}.Debug|x86.Build.0 = zDebug GTA3|Win32
		{3885DEAC-2427-0983-0DE2-1CD7F92290D3}.Debug|x86.Deploy.0 = zDebug GTA3|Win32
		{3885DEAC-2427-0983-0DE2-1CD7F92290D3}.Release|Any CPU.ActiveCfg = Release GTAVC|Win32
		{3885DEAC-2427-0983-0DE2-1CD7F92290D3}.Release|Any CPU.Build.0 = Release GTAVC|Win32
		{3885DEAC-2427-0983-0DE2-1CD7F92290D3}.Release|Any CPU.Deploy.0 = Release GTAVC|Win32
		{3885DEAC-2427-0983-0DE2-1CD7F92290D3}.Release|x64.ActiveCfg = zDebug GTA3|Win32
		{3885DEAC-2427-0983-0DE2-1CD7F92290D3}.Release|x64.Build.0 = zDebug GTA3|Win32
		{3885DEAC-2427-0983-0DE2-1CD7F92290D3}.Release|x64.Deploy.0 = zDebug GTA3|Win32
		{3885DEAC-2427-0983-0DE2-1CD7F92290D3}.Release|x86.ActiveCfg = Release GTA3|Win32
		{3885DEAC-2427-0983-0DE2-1CD7F92290D3}.Release|x86.Build.0 = Release GTA3|Win32
		{3885DEAC-2427-0983-0DE2-1CD7F92290D3}.Release|x86.Deploy.0 = Release GTA3|Win32
		{332FD9D2-7B9A-48FB-846C-ADE7D07319D1}.Debug|Any CPU.ActiveCfg = Debug|Win32
		{332FD9D2-7B9A-48FB-846C-ADE7D07319D1}.Debug|Any CPU.Build.0 = Debug|Win32
		{332FD9D2-7B9A-48FB-846C-ADE7D07319D1}.Debug|x64.ActiveCfg = Debug|x64
		{332FD9D2-7B9A-48FB-846C-ADE7D07319D1}.Debug|x64.Build.0 = Debug|x64
		{332FD9D2-7B9A-48FB-846C-ADE7D07319D1}.Debug|x86.ActiveCfg = Debug|Win32
		{332FD9D2-7B9A-48FB-846C-ADE7D07319D1}.Debug|x86.Build.0 = Debug|Win32
		{332FD9D2-7B9A-48FB-846C-ADE7D07319D1}.Release|Any CPU.ActiveCfg = Release|Win32
		{332FD9D2-7B9A-48FB-846C-ADE7D07319D1}.Release|Any CPU.Build.0 = Release|Win32
		{332FD9D2-7B9A-48FB-846C-ADE7D07319D1}.Release|x64.ActiveCfg = Release|x64
		{332FD9D2-7B9A-48FB-846C-ADE7D07319D1}.Release|x64.Build.0 = Release|x64
		{332FD9D2-7B9A-48FB-846C-ADE7D07319D1}.Release|x86.ActiveCfg = Release|Win32
		{332FD9D2-7B9A-48FB-846C-ADE7D07319D1}.Release|x86.Build.0 = Release|Win32
		{2D996109-98EA-4BF3-990E-B7E7A1E27DBD}.Debug|Any CPU.ActiveCfg = Debug|Win32
		{2D996109-98EA-4BF3-990E-B7E7A1E27DBD}.Debug|Any CPU.Build.0 = Debug|Win32
		{2D996109-98EA-4BF3-990E-B7E7A1E27DBD}.Debug|x64.ActiveCfg = Debug|x64
		{2D996109-98EA-4BF3-990E-B7E7A1E27DBD}.Debug|x64.Build.0 = Debug|x64
		{2D996109-98EA-4BF3-990E-B7E7A1E27DBD}.Debug|x64.Deploy.0 = Debug|x64
		{2D996109-98EA-4BF3-990E-B7E7A1E27DBD}.Debug|x86.ActiveCfg = Debug|Win32
		{2D996109-98EA-4BF3-990E-B7E7A1E27DBD}.Debug|x86.Build.0 = Debug|Win32
		{2D996109-98EA-4BF3-990E-B7E7A1E27DBD}.Debug|x86.Deploy.0 = Debug|Win32
		{2D996109-98EA-4BF3-990E-B7E7A1E27DBD}.Release|Any CPU.ActiveCfg = Release|Win32
		{2D996109-98EA-4BF3-990E-B7E7A1E27DBD}.Release|x64.ActiveCfg = Release|x64
		{2D996109-98EA-4BF3-990E-B7E7A1E27DBD}.Release|x64.Build.0 = Release|x64
		{2D996109-98EA-4BF3-990E-B7E7A1E27DBD}.Release|x64.Deploy.0 = Release|x64
		{2D996109-98EA-4BF3-990E-B7E7A1E27DBD}.Release|x86.ActiveCfg = Release|Win32
		{2D996109-98EA-4BF3-990E-B7E7A1E27DBD}.Release|x86.Build.0 = Release|Win32
		{2D996109-98EA-4BF3-990E-B7E7A1E27DBD}.Release|x86.Deploy.0 = Release|Win32
	EndGlobalSection
	GlobalSection(SolutionProperties) = preSolution
		HideSolutionNode = FALSE
	EndGlobalSection
	GlobalSection(ExtensibilityGlobals) = postSolution
		SolutionGuid = {BFA1654E-9BDA-41CD-9A79-47CB3C711CA0}
	EndGlobalSection
EndGlobal
