Microsoft Visual Studio Solution File, Format Version 12.00
# Visual Studio 15
VisualStudioVersion = 15.0.27130.2024
MinimumVisualStudioVersion = 10.0.40219.1
Project("{8BC9CEB8-8B4A-11D0-8D11-00A0C91BC942}") = "Client", "vccoop_main\VCCOOP.vcxproj", "{3885DEAC-2427-0983-0DE2-1CD7F92290D3}"
	ProjectSection(ProjectDependencies) = postProject
		{2D996109-98EA-4BF3-990E-B7E7A1E27DBD} = {2D996109-98EA-4BF3-990E-B7E7A1E27DBD}
		{AFA8FD43-8C13-4708-B1C7-DFA7E2E9DB3D} = {AFA8FD43-8C13-4708-B1C7-DFA7E2E9DB3D}
	EndProjectSection
EndProject
Project("{8BC9CEB8-8B4A-11D0-8D11-00A0C91BC942}") = "Server", "server\server.vcxproj", "{332FD9D2-7B9A-48FB-846C-ADE7D07319D1}"
	ProjectSection(ProjectDependencies) = postProject
		{2D996109-98EA-4BF3-990E-B7E7A1E27DBD} = {2D996109-98EA-4BF3-990E-B7E7A1E27DBD}
		{AFA8FD43-8C13-4708-B1C7-DFA7E2E9DB3D} = {AFA8FD43-8C13-4708-B1C7-DFA7E2E9DB3D}
	EndProjectSection
EndProject
Project("{2150E333-8FDC-42A3-9474-1A3956D46DE8}") = "vendor", "vendor", "{ACA6C6BE-605A-49A0-81B0-59CF164A05AE}"
EndProject
Project("{8BC9CEB8-8B4A-11D0-8D11-00A0C91BC942}") = "lua", "vendor\lua\lua\lua.vcxproj", "{2D996109-98EA-4BF3-990E-B7E7A1E27DBD}"
EndProject
Project("{2150E333-8FDC-42A3-9474-1A3956D46DE8}") = "Lua", "Lua", "{4BCD265B-6A6B-4F0E-B041-AF53374D2F9C}"
EndProject
Project("{2150E333-8FDC-42A3-9474-1A3956D46DE8}") = "RakNet", "RakNet", "{4917B84C-398D-44CC-8708-874F092C981B}"
EndProject
Project("{8BC9CEB8-8B4A-11D0-8D11-00A0C91BC942}") = "RakNet", "vendor\RakNet\RakNet.vcxproj", "{AFA8FD43-8C13-4708-B1C7-DFA7E2E9DB3D}"
EndProject
Global
	GlobalSection(SolutionConfigurationPlatforms) = preSolution
		Debug|Any CPU = Debug|Any CPU
		Debug|Win32 = Debug|Win32
		Debug|x64 = Debug|x64
		Debug|x86 = Debug|x86
		Release|Any CPU = Release|Any CPU
		Release|Win32 = Release|Win32
		Release|x64 = Release|x64
		Release|x86 = Release|x86
	EndGlobalSection
	GlobalSection(ProjectConfigurationPlatforms) = postSolution
		{3885DEAC-2427-0983-0DE2-1CD7F92290D3}.Debug|Any CPU.ActiveCfg = zDebug GTAVC|Win32
		{3885DEAC-2427-0983-0DE2-1CD7F92290D3}.Debug|Any CPU.Build.0 = zDebug GTAVC|Win32
		{3885DEAC-2427-0983-0DE2-1CD7F92290D3}.Debug|Any CPU.Deploy.0 = zDebug GTAVC|Win32
		{3885DEAC-2427-0983-0DE2-1CD7F92290D3}.Debug|Win32.ActiveCfg = zDebug GTAVC|Win32
		{3885DEAC-2427-0983-0DE2-1CD7F92290D3}.Debug|Win32.Build.0 = zDebug GTAVC|Win32
		{3885DEAC-2427-0983-0DE2-1CD7F92290D3}.Debug|x64.ActiveCfg = zDebug GTA3|Win32
		{3885DEAC-2427-0983-0DE2-1CD7F92290D3}.Debug|x64.Build.0 = zDebug GTA3|Win32
		{3885DEAC-2427-0983-0DE2-1CD7F92290D3}.Debug|x64.Deploy.0 = zDebug GTA3|Win32
		{3885DEAC-2427-0983-0DE2-1CD7F92290D3}.Debug|x86.ActiveCfg = zDebug GTA3|Win32
		{3885DEAC-2427-0983-0DE2-1CD7F92290D3}.Debug|x86.Build.0 = zDebug GTA3|Win32
		{3885DEAC-2427-0983-0DE2-1CD7F92290D3}.Debug|x86.Deploy.0 = zDebug GTA3|Win32
		{3885DEAC-2427-0983-0DE2-1CD7F92290D3}.Release|Any CPU.ActiveCfg = Release GTAVC|Win32
		{3885DEAC-2427-0983-0DE2-1CD7F92290D3}.Release|Any CPU.Build.0 = Release GTAVC|Win32
		{3885DEAC-2427-0983-0DE2-1CD7F92290D3}.Release|Any CPU.Deploy.0 = Release GTAVC|Win32
		{3885DEAC-2427-0983-0DE2-1CD7F92290D3}.Release|Win32.ActiveCfg = Release GTAVC|Win32
		{3885DEAC-2427-0983-0DE2-1CD7F92290D3}.Release|Win32.Build.0 = Release GTAVC|Win32
		{3885DEAC-2427-0983-0DE2-1CD7F92290D3}.Release|x64.ActiveCfg = zDebug GTA3|Win32
		{3885DEAC-2427-0983-0DE2-1CD7F92290D3}.Release|x64.Build.0 = zDebug GTA3|Win32
		{3885DEAC-2427-0983-0DE2-1CD7F92290D3}.Release|x64.Deploy.0 = zDebug GTA3|Win32
		{3885DEAC-2427-0983-0DE2-1CD7F92290D3}.Release|x86.ActiveCfg = Release GTA3|Win32
		{3885DEAC-2427-0983-0DE2-1CD7F92290D3}.Release|x86.Build.0 = Release GTA3|Win32
		{3885DEAC-2427-0983-0DE2-1CD7F92290D3}.Release|x86.Deploy.0 = Release GTA3|Win32
		{332FD9D2-7B9A-48FB-846C-ADE7D07319D1}.Debug|Any CPU.ActiveCfg = Debug|Win32
		{332FD9D2-7B9A-48FB-846C-ADE7D07319D1}.Debug|Any CPU.Build.0 = Debug|Win32
		{332FD9D2-7B9A-48FB-846C-ADE7D07319D1}.Debug|Win32.ActiveCfg = Debug|Win32
		{332FD9D2-7B9A-48FB-846C-ADE7D07319D1}.Debug|Win32.Build.0 = Debug|Win32
		{332FD9D2-7B9A-48FB-846C-ADE7D07319D1}.Debug|x64.ActiveCfg = Debug|x64
		{332FD9D2-7B9A-48FB-846C-ADE7D07319D1}.Debug|x64.Build.0 = Debug|x64
		{332FD9D2-7B9A-48FB-846C-ADE7D07319D1}.Debug|x86.ActiveCfg = Debug|Win32
		{332FD9D2-7B9A-48FB-846C-ADE7D07319D1}.Debug|x86.Build.0 = Debug|Win32
		{332FD9D2-7B9A-48FB-846C-ADE7D07319D1}.Release|Any CPU.ActiveCfg = Release|Win32
		{332FD9D2-7B9A-48FB-846C-ADE7D07319D1}.Release|Any CPU.Build.0 = Release|Win32
		{332FD9D2-7B9A-48FB-846C-ADE7D07319D1}.Release|Win32.ActiveCfg = Release|Win32
		{332FD9D2-7B9A-48FB-846C-ADE7D07319D1}.Release|Win32.Build.0 = Release|Win32
		{332FD9D2-7B9A-48FB-846C-ADE7D07319D1}.Release|x64.ActiveCfg = Release|x64
		{332FD9D2-7B9A-48FB-846C-ADE7D07319D1}.Release|x64.Build.0 = Release|x64
		{332FD9D2-7B9A-48FB-846C-ADE7D07319D1}.Release|x86.ActiveCfg = Release|Win32
		{332FD9D2-7B9A-48FB-846C-ADE7D07319D1}.Release|x86.Build.0 = Release|Win32
		{2D996109-98EA-4BF3-990E-B7E7A1E27DBD}.Debug|Any CPU.ActiveCfg = Debug|Win32
		{2D996109-98EA-4BF3-990E-B7E7A1E27DBD}.Debug|Any CPU.Build.0 = Debug|Win32
		{2D996109-98EA-4BF3-990E-B7E7A1E27DBD}.Debug|Win32.ActiveCfg = Debug|Win32
		{2D996109-98EA-4BF3-990E-B7E7A1E27DBD}.Debug|Win32.Build.0 = Debug|Win32
		{2D996109-98EA-4BF3-990E-B7E7A1E27DBD}.Debug|x64.ActiveCfg = Debug|x64
		{2D996109-98EA-4BF3-990E-B7E7A1E27DBD}.Debug|x64.Build.0 = Debug|x64
		{2D996109-98EA-4BF3-990E-B7E7A1E27DBD}.Debug|x86.ActiveCfg = Debug|Win32
		{2D996109-98EA-4BF3-990E-B7E7A1E27DBD}.Debug|x86.Build.0 = Debug|Win32
		{2D996109-98EA-4BF3-990E-B7E7A1E27DBD}.Release|Any CPU.ActiveCfg = Release|Win32
		{2D996109-98EA-4BF3-990E-B7E7A1E27DBD}.Release|Any CPU.Build.0 = Release|Win32
		{2D996109-98EA-4BF3-990E-B7E7A1E27DBD}.Release|Win32.ActiveCfg = Release|Win32
		{2D996109-98EA-4BF3-990E-B7E7A1E27DBD}.Release|Win32.Build.0 = Release|Win32
		{2D996109-98EA-4BF3-990E-B7E7A1E27DBD}.Release|x64.ActiveCfg = Release|x64
		{2D996109-98EA-4BF3-990E-B7E7A1E27DBD}.Release|x64.Build.0 = Release|x64
		{2D996109-98EA-4BF3-990E-B7E7A1E27DBD}.Release|x86.ActiveCfg = Release|Win32
		{2D996109-98EA-4BF3-990E-B7E7A1E27DBD}.Release|x86.Build.0 = Release|Win32
		{AFA8FD43-8C13-4708-B1C7-DFA7E2E9DB3D}.Debug|Any CPU.ActiveCfg = Debug|Win32
		{AFA8FD43-8C13-4708-B1C7-DFA7E2E9DB3D}.Debug|Win32.ActiveCfg = Debug|Win32
		{AFA8FD43-8C13-4708-B1C7-DFA7E2E9DB3D}.Debug|Win32.Build.0 = Debug|Win32
		{AFA8FD43-8C13-4708-B1C7-DFA7E2E9DB3D}.Debug|x64.ActiveCfg = Debug|x64
		{AFA8FD43-8C13-4708-B1C7-DFA7E2E9DB3D}.Debug|x64.Build.0 = Debug|x64
		{AFA8FD43-8C13-4708-B1C7-DFA7E2E9DB3D}.Debug|x86.ActiveCfg = Debug|Win32
		{AFA8FD43-8C13-4708-B1C7-DFA7E2E9DB3D}.Debug|x86.Build.0 = Debug|Win32
		{AFA8FD43-8C13-4708-B1C7-DFA7E2E9DB3D}.Release|Any CPU.ActiveCfg = Release|Win32
		{AFA8FD43-8C13-4708-B1C7-DFA7E2E9DB3D}.Release|Win32.ActiveCfg = Release|Win32
		{AFA8FD43-8C13-4708-B1C7-DFA7E2E9DB3D}.Release|Win32.Build.0 = Release|Win32
		{AFA8FD43-8C13-4708-B1C7-DFA7E2E9DB3D}.Release|x64.ActiveCfg = Release|x64
		{AFA8FD43-8C13-4708-B1C7-DFA7E2E9DB3D}.Release|x64.Build.0 = Release|x64
		{AFA8FD43-8C13-4708-B1C7-DFA7E2E9DB3D}.Release|x86.ActiveCfg = Release|Win32
		{AFA8FD43-8C13-4708-B1C7-DFA7E2E9DB3D}.Release|x86.Build.0 = Release|Win32
	EndGlobalSection
	GlobalSection(SolutionProperties) = preSolution
		HideSolutionNode = FALSE
	EndGlobalSection
	GlobalSection(NestedProjects) = preSolution
		{2D996109-98EA-4BF3-990E-B7E7A1E27DBD} = {4BCD265B-6A6B-4F0E-B041-AF53374D2F9C}
		{4BCD265B-6A6B-4F0E-B041-AF53374D2F9C} = {ACA6C6BE-605A-49A0-81B0-59CF164A05AE}
		{4917B84C-398D-44CC-8708-874F092C981B} = {ACA6C6BE-605A-49A0-81B0-59CF164A05AE}
		{AFA8FD43-8C13-4708-B1C7-DFA7E2E9DB3D} = {4917B84C-398D-44CC-8708-874F092C981B}
	EndGlobalSection
	GlobalSection(ExtensibilityGlobals) = postSolution
		SolutionGuid = {A1EA776F-1B65-44CD-B857-01948227A7CF}
	EndGlobalSection
	GlobalSection(DPCodeReviewSolutionGUID) = preSolution
		DPCodeReviewSolutionGUID = {00000000-0000-0000-0000-000000000000}
	EndGlobalSection
	GlobalSection(DPCodeReviewSolutionGUID) = preSolution
		DPCodeReviewSolutionGUID = {00000000-0000-0000-0000-000000000000}
	EndGlobalSection
EndGlobal
