<?xml version="1.0" encoding="utf-8"?>
<Project ToolsVersion="4.0" xmlns="http://schemas.microsoft.com/developer/msbuild/2003">
  <ItemGroup>
    <Filter Include="Source">
      <UniqueIdentifier>{4FC737F1-C7A5-4376-A066-2A32D752A2FF}</UniqueIdentifier>
      <Extensions>cpp;c;cc;cxx;def;odl;idl;hpj;bat;asm;asmx</Extensions>
    </Filter>
    <Filter Include="vendor">
      <UniqueIdentifier>{d35773d6-3228-462c-9d1f-b6427e73ae27}</UniqueIdentifier>
    </Filter>
    <Filter Include="vendor\librg">
      <UniqueIdentifier>{c835a08c-97aa-4204-8c25-cee1a18ee531}</UniqueIdentifier>
    </Filter>
    <Filter Include="Source\utils">
      <UniqueIdentifier>{751b5b6c-0a7d-4c32-887d-b5161dee6c65}</UniqueIdentifier>
    </Filter>
    <Filter Include="Source\network">
      <UniqueIdentifier>{3b8e1a6c-6aa5-4ece-921e-65ca8e463c1d}</UniqueIdentifier>
    </Filter>
    <Filter Include="vendor\inih">
      <UniqueIdentifier>{6346b55b-771b-44d0-a7bc-beb163ca13c0}</UniqueIdentifier>
    </Filter>
    <Filter Include="Source\utils\CLogger">
      <UniqueIdentifier>{44b758c5-a51a-4562-98cc-7b96ae40a654}</UniqueIdentifier>
    </Filter>
    <Filter Include="Source\utils\CConfiguration">
      <UniqueIdentifier>{4631d6d2-53f7-45a3-be5a-2f18f3ee1012}</UniqueIdentifier>
    </Filter>
    <Filter Include="Source\config">
      <UniqueIdentifier>{4ba0e5c8-5d30-4bb9-a15a-c424c040ca61}</UniqueIdentifier>
    </Filter>
    <Filter Include="vendor\lua">
      <UniqueIdentifier>{1ad7cf6d-7d05-4a7b-ad3d-5aa0746789c4}</UniqueIdentifier>
    </Filter>
    <Filter Include="Source\scripting">
      <UniqueIdentifier>{263b9255-6905-46e3-9ce1-b1eadca72571}</UniqueIdentifier>
    </Filter>
    <Filter Include="Source\utils\CCustomData">
      <UniqueIdentifier>{79579ec4-184f-45de-a4b1-be41ac9c3c8f}</UniqueIdentifier>
    </Filter>
    <Filter Include="Source\utils\CModelIDs">
      <UniqueIdentifier>{9bf9c3d4-8793-4781-87f1-30b9678e1e9f}</UniqueIdentifier>
    </Filter>
  </ItemGroup>
  <ItemGroup>
    <ClInclude Include="CServerNetwork.h">
      <Filter>Source\network</Filter>
    </ClInclude>
    <ClInclude Include="server.h">
      <Filter>Source</Filter>
    </ClInclude>
    <ClInclude Include="CLogger.h">
      <Filter>Source\utils\CLogger</Filter>
    </ClInclude>
    <ClInclude Include="CConfiguration.h">
      <Filter>Source\utils\CConfiguration</Filter>
    </ClInclude>
    <ClInclude Include="..\vccoop_main\config.h">
      <Filter>Source\config</Filter>
    </ClInclude>
    <ClInclude Include="vendor\librg\enet.h">
      <Filter>vendor\librg</Filter>
    </ClInclude>
    <ClInclude Include="vendor\librg\librg.h">
      <Filter>vendor\librg</Filter>
    </ClInclude>
    <ClInclude Include="vendor\librg\zpl.h">
      <Filter>vendor\librg</Filter>
    </ClInclude>
    <ClInclude Include="vendor\librg\zpl_math.h">
      <Filter>vendor\librg</Filter>
    </ClInclude>
    <ClInclude Include="vendor\inih\INIReader.h">
      <Filter>vendor\inih</Filter>
    </ClInclude>
    <ClInclude Include="vendor\lua\include\lauxlib.h">
      <Filter>vendor\lua</Filter>
    </ClInclude>
    <ClInclude Include="vendor\lua\include\lua.h">
      <Filter>vendor\lua</Filter>
    </ClInclude>
    <ClInclude Include="vendor\lua\include\lua.hpp">
      <Filter>vendor\lua</Filter>
    </ClInclude>
    <ClInclude Include="vendor\lua\include\luaconf.h">
      <Filter>vendor\lua</Filter>
    </ClInclude>
    <ClInclude Include="vendor\lua\include\lualib.h">
      <Filter>vendor\lua</Filter>
    </ClInclude>
    <ClInclude Include="CCustomData.h">
      <Filter>Source\utils\CCustomData</Filter>
    </ClInclude>
    <ClInclude Include="CCustomDataManager.h">
      <Filter>Source\utils\CCustomData</Filter>
    </ClInclude>
    <ClInclude Include="CLuaDumper.h">
      <Filter>Source\scripting</Filter>
    </ClInclude>
    <ClInclude Include="CLuaScript.h">
      <Filter>Source\scripting</Filter>
    </ClInclude>
    <ClInclude Include="..\vccoop_main\CModelIDs.h">
      <Filter>Source\utils\CModelIDs</Filter>
    </ClInclude>
  </ItemGroup>
  <ItemGroup>
    <ClCompile Include="server.cpp">
      <Filter>Source</Filter>
    </ClCompile>
    <ClCompile Include="CServerNetwork.cpp">
      <Filter>Source\network</Filter>
    </ClCompile>
    <ClCompile Include="CLogger.cpp">
      <Filter>Source\utils\CLogger</Filter>
    </ClCompile>
    <ClCompile Include="CConfiguration.cpp">
      <Filter>Source\utils\CConfiguration</Filter>
    </ClCompile>
    <ClCompile Include="CCustomData.cpp">
      <Filter>Source\utils\CCustomData</Filter>
    </ClCompile>
    <ClCompile Include="CCustomDataManager.cpp">
      <Filter>Source\utils\CCustomData</Filter>
    </ClCompile>
    <ClCompile Include="CLuaDumper.cpp">
      <Filter>Source\scripting</Filter>
    </ClCompile>
    <ClCompile Include="CLuaScript.cpp">
      <Filter>Source\scripting</Filter>
    </ClCompile>
    <ClCompile Include="..\vccoop_main\CModelIDs.cpp">
      <Filter>Source\utils\CModelIDs</Filter>
    </ClCompile>
  </ItemGroup>
</Project>