<?xml version="1.0" encoding="utf-8"?>
<Project ToolsVersion="4.0" xmlns="http://schemas.microsoft.com/developer/msbuild/2003">
  <ItemGroup>
    <Filter Include="Source">
      <UniqueIdentifier>{56EB95D1-428D-C0A7-2B48-D4FB178947F8}</UniqueIdentifier>
    </Filter>
    <Filter Include="Source\tools">
      <UniqueIdentifier>{5c2b7b67-e8f6-4f52-ad10-1eb9504b933d}</UniqueIdentifier>
    </Filter>
    <Filter Include="Source\game">
      <UniqueIdentifier>{34158d53-bd77-497b-9256-6b1648cd5318}</UniqueIdentifier>
    </Filter>
    <Filter Include="Source\rendering">
      <UniqueIdentifier>{1e791aee-c0ab-421a-9726-5f88d8c2b4a7}</UniqueIdentifier>
    </Filter>
    <Filter Include="vendor">
      <UniqueIdentifier>{892d7aa6-8b1a-4e91-8b22-85b25b8e9d5e}</UniqueIdentifier>
    </Filter>
    <Filter Include="Source\network">
      <UniqueIdentifier>{0aa3e63f-3bbb-49e0-93e1-214e08de0fc9}</UniqueIdentifier>
    </Filter>
    <Filter Include="vendor\inih">
      <UniqueIdentifier>{cc08d6be-14c2-4fa1-8510-38d6e29e795a}</UniqueIdentifier>
    </Filter>
    <Filter Include="vendor\librg">
      <UniqueIdentifier>{87e839e0-a6e0-45dd-89ca-762de4fc7301}</UniqueIdentifier>
    </Filter>
    <Filter Include="vendor\imgui">
      <UniqueIdentifier>{8818c80e-3ffb-4051-8f6a-f0f9ef730af3}</UniqueIdentifier>
    </Filter>
    <Filter Include="vendor\rw">
      <UniqueIdentifier>{f22d9ca8-301d-4f4a-ab73-85e2ccad24fc}</UniqueIdentifier>
    </Filter>
    <Filter Include="Source\tools\CLogger">
      <UniqueIdentifier>{6c1d24db-cbb1-4f72-9399-e272279b2b8f}</UniqueIdentifier>
    </Filter>
    <Filter Include="Source\tools\HookLibrary">
      <UniqueIdentifier>{c02584c5-6364-4872-bcaa-093b12f9081a}</UniqueIdentifier>
    </Filter>
    <Filter Include="Source\tools\CConfiguration">
      <UniqueIdentifier>{1951849c-ee43-4c8c-8a50-e0f9724d7b19}</UniqueIdentifier>
    </Filter>
  </ItemGroup>
  <ItemGroup>
    <ClInclude Include="main.h">
      <Filter>Source</Filter>
    </ClInclude>
    <ClInclude Include="CGame.h">
      <Filter>Source\game</Filter>
    </ClInclude>
    <ClInclude Include="CRender.h">
      <Filter>Source\rendering</Filter>
    </ClInclude>
    <ClInclude Include="config.h">
      <Filter>Source</Filter>
    </ClInclude>
    <ClInclude Include="CRenderTemplate.h">
      <Filter>Source\rendering</Filter>
    </ClInclude>
    <ClInclude Include="CNameTags.h">
      <Filter>Source\rendering</Filter>
    </ClInclude>
    <ClInclude Include="CDebugScreen.h">
      <Filter>Source\rendering</Filter>
    </ClInclude>
    <ClInclude Include="CImGui.h">
      <Filter>Source\rendering</Filter>
    </ClInclude>
    <ClInclude Include="CChat.h">
      <Filter>Source\rendering</Filter>
    </ClInclude>
    <ClInclude Include="CClientNetwork.h">
      <Filter>Source\network</Filter>
    </ClInclude>
    <ClInclude Include="vendor\imgui\imconfig.h">
      <Filter>vendor\imgui</Filter>
    </ClInclude>
    <ClInclude Include="vendor\imgui\imgui.h">
      <Filter>vendor\imgui</Filter>
    </ClInclude>
    <ClInclude Include="vendor\imgui\imgui_impl_dx9.h">
      <Filter>vendor\imgui</Filter>
    </ClInclude>
    <ClInclude Include="vendor\imgui\imgui_internal.h">
      <Filter>vendor\imgui</Filter>
    </ClInclude>
    <ClInclude Include="vendor\imgui\stb_rect_pack.h">
      <Filter>vendor\imgui</Filter>
    </ClInclude>
    <ClInclude Include="vendor\imgui\stb_textedit.h">
      <Filter>vendor\imgui</Filter>
    </ClInclude>
    <ClInclude Include="vendor\imgui\stb_truetype.h">
      <Filter>vendor\imgui</Filter>
    </ClInclude>
    <ClInclude Include="vendor\librg\enet.h">
      <Filter>vendor\librg</Filter>
    </ClInclude>
    <ClInclude Include="vendor\librg\librg.h">
      <Filter>vendor\librg</Filter>
    </ClInclude>
    <ClInclude Include="vendor\librg\zpl.h">
      <Filter>vendor\librg</Filter>
    </ClInclude>
    <ClInclude Include="vendor\librg\zpl_math.h">
      <Filter>vendor\librg</Filter>
    </ClInclude>
    <ClInclude Include="vendor\inih\INIReader.h">
      <Filter>vendor\inih</Filter>
    </ClInclude>
    <ClInclude Include="vendor\rw\rwd3d9.h">
      <Filter>vendor\rw</Filter>
    </ClInclude>
    <ClInclude Include="CLogger.h">
      <Filter>Source\tools\CLogger</Filter>
    </ClInclude>
    <ClInclude Include="hooklibrary.h">
      <Filter>Source\tools\HookLibrary</Filter>
    </ClInclude>
    <ClInclude Include="CConfiguration.h">
      <Filter>Source\tools\CConfiguration</Filter>
    </ClInclude>
  </ItemGroup>
  <ItemGroup>
    <ClCompile Include="main.cpp">
      <Filter>Source</Filter>
    </ClCompile>
    <ClCompile Include="CGame.cpp">
      <Filter>Source\game</Filter>
    </ClCompile>
    <ClCompile Include="CRender.cpp">
      <Filter>Source\rendering</Filter>
    </ClCompile>
    <ClCompile Include="CRenderTemplate.cpp">
      <Filter>Source\rendering</Filter>
    </ClCompile>
    <ClCompile Include="CNameTags.cpp">
      <Filter>Source\rendering</Filter>
    </ClCompile>
    <ClCompile Include="CDebugScreen.cpp">
      <Filter>Source\rendering</Filter>
    </ClCompile>
    <ClCompile Include="CImGui.cpp">
      <Filter>Source\rendering</Filter>
    </ClCompile>
    <ClCompile Include="CChat.cpp">
      <Filter>Source\rendering</Filter>
    </ClCompile>
    <ClCompile Include="CClientNetwork.cpp">
      <Filter>Source\network</Filter>
    </ClCompile>
    <ClCompile Include="vendor\imgui\imgui.cpp">
      <Filter>vendor\imgui</Filter>
    </ClCompile>
    <ClCompile Include="vendor\imgui\imgui_draw.cpp">
      <Filter>vendor\imgui</Filter>
    </ClCompile>
    <ClCompile Include="vendor\imgui\imgui_impl_dx9.cpp">
      <Filter>vendor\imgui</Filter>
    </ClCompile>
    <ClCompile Include="CLogger.cpp">
      <Filter>Source\tools\CLogger</Filter>
    </ClCompile>
    <ClCompile Include="CConfiguration.cpp">
      <Filter>Source\tools\CConfiguration</Filter>
    </ClCompile>
  </ItemGroup>
</Project>